github.com/wipe-me/sdk/go v0.1.0-alpha.1 h1:b0byd3ohoaoPoRu7uTMBQzrj5YqW6quyHG10dA/0zaQ=
github.com/wipe-me/sdk/go v0.1.0-alpha.1/go.mod h1:kEPqJYfE1WiRazukzFIkuIYcIWuhKuR2cYENCLWpdEE=
golang.org/x/crypto v0.41.0 h1:WKYxWedPGCTVVl5+WHSSrOBT0O8lx32+zxmHxijgXp4=
golang.org/x/crypto v0.41.0/go.mod h1:pO5AFd7FA68rFak7rOAGVuygIISepHftHnr8dr6+sUc=
golang.org/x/sys v0.35.0 h1:vz1N37gP5bs89s7He8XuIYXpyY0+QlsKmzipCbUtyxI=
golang.org/x/sys v0.35.0/go.mod h1:BJP2sWEmIv4KK5OTEluFJCKSidICx8ciO85XgH3Ak8k=
